// !$*UTF8*$!
{
	archiveVersion = 1;
	classes = {
	};
	objectVersion = 46;
	objects = {

/* Begin PBXBuildFile section */
		1213418F1CE4FE1100E8C8AB /* AppDelegate.swift in Sources */ = {isa = PBXBuildFile; fileRef = 1213418E1CE4FE1100E8C8AB /* AppDelegate.swift */; };
		121341911CE4FE1100E8C8AB /* ViewController.swift in Sources */ = {isa = PBXBuildFile; fileRef = 121341901CE4FE1100E8C8AB /* ViewController.swift */; };
		121341941CE4FE1100E8C8AB /* Main.storyboard in Resources */ = {isa = PBXBuildFile; fileRef = 121341921CE4FE1100E8C8AB /* Main.storyboard */; };
		121341961CE4FE1100E8C8AB /* Assets.xcassets in Resources */ = {isa = PBXBuildFile; fileRef = 121341951CE4FE1100E8C8AB /* Assets.xcassets */; };
		121341991CE4FE1100E8C8AB /* LaunchScreen.storyboard in Resources */ = {isa = PBXBuildFile; fileRef = 121341971CE4FE1100E8C8AB /* LaunchScreen.storyboard */; };
		129F96E81CE7BD32003243EB /* digital-7.ttf in Resources */ = {isa = PBXBuildFile; fileRef = 129F96E71CE7BD32003243EB /* digital-7.ttf */; };
		12D1FEAB1CF2554B0080B654 /* datePickerViewController.swift in Sources */ = {isa = PBXBuildFile; fileRef = 12D1FEAA1CF2554B0080B654 /* datePickerViewController.swift */; };
/* End PBXBuildFile section */

/* Begin PBXFileReference section */
		1213418B1CE4FE1100E8C8AB /* OuttaTimeSwift.app */ = {isa = PBXFileReference; explicitFileType = wrapper.application; includeInIndex = 0; path = OuttaTimeSwift.app; sourceTree = BUILT_PRODUCTS_DIR; };
		1213418E1CE4FE1100E8C8AB /* AppDelegate.swift */ = {isa = PBXFileReference; lastKnownFileType = sourcecode.swift; path = AppDelegate.swift; sourceTree = "<group>"; };
		121341901CE4FE1100E8C8AB /* ViewController.swift */ = {isa = PBXFileReference; lastKnownFileType = sourcecode.swift; path = ViewController.swift; sourceTree = "<group>"; };
		121341931CE4FE1100E8C8AB /* Base */ = {isa = PBXFileReference; lastKnownFileType = file.storyboard; name = Base; path = Base.lproj/Main.storyboard; sourceTree = "<group>"; };
		121341951CE4FE1100E8C8AB /* Assets.xcassets */ = {isa = PBXFileReference; lastKnownFileType = folder.assetcatalog; path = Assets.xcassets; sourceTree = "<group>"; };
		121341981CE4FE1100E8C8AB /* Base */ = {isa = PBXFileReference; lastKnownFileType = file.storyboard; name = Base; path = Base.lproj/LaunchScreen.storyboard; sourceTree = "<group>"; };
		1213419A1CE4FE1100E8C8AB /* Info.plist */ = {isa = PBXFileReference; lastKnownFileType = text.plist.xml; path = Info.plist; sourceTree = "<group>"; };
		129F96E71CE7BD32003243EB /* digital-7.ttf */ = {isa = PBXFileReference; lastKnownFileType = file; name = "digital-7.ttf"; path = "OuttaTimeSwift/digital-7.ttf"; sourceTree = "<group>"; };
		12D1FEAA1CF2554B0080B654 /* datePickerViewController.swift */ = {isa = PBXFileReference; fileEncoding = 4; lastKnownFileType = sourcecode.swift; path = datePickerViewController.swift; sourceTree = "<group>"; };
/* End PBXFileReference section */

/* Begin PBXFrameworksBuildPhase section */
		121341881CE4FE1100E8C8AB /* Frameworks */ = {
			isa = PBXFrameworksBuildPhase;
			buildActionMask = 2147483647;
			files = (
			);
			runOnlyForDeploymentPostprocessing = 0;
		};
/* End PBXFrameworksBuildPhase section */

/* Begin PBXGroup section */
		121341821CE4FE1100E8C8AB = {
			isa = PBXGroup;
			children = (
				129F96E71CE7BD32003243EB /* digital-7.ttf */,
				1213418D1CE4FE1100E8C8AB /* OuttaTimeSwift */,
				1213418C1CE4FE1100E8C8AB /* Products */,
			);
			sourceTree = "<group>";
		};
		1213418C1CE4FE1100E8C8AB /* Products */ = {
			isa = PBXGroup;
			children = (
				1213418B1CE4FE1100E8C8AB /* OuttaTimeSwift.app */,
			);
			name = Products;
			sourceTree = "<group>";
		};
		1213418D1CE4FE1100E8C8AB /* OuttaTimeSwift */ = {
			isa = PBXGroup;
			children = (
				1213418E1CE4FE1100E8C8AB /* AppDelegate.swift */,
				121341901CE4FE1100E8C8AB /* ViewController.swift */,
				12D1FEAA1CF2554B0080B654 /* datePickerViewController.swift */,
				121341921CE4FE1100E8C8AB /* Main.storyboard */,
				121341951CE4FE1100E8C8AB /* Assets.xcassets */,
				121341971CE4FE1100E8C8AB /* LaunchScreen.storyboard */,
				1213419A1CE4FE1100E8C8AB /* Info.plist */,
			);
			path = OuttaTimeSwift;
			sourceTree = "<group>";
		};
/* End PBXGroup section */

/* Begin PBXNativeTarget section */
		1213418A1CE4FE1100E8C8AB /* OuttaTimeSwift */ = {
			isa = PBXNativeTarget;
			buildConfigurationList = 1213419D1CE4FE1100E8C8AB /* Build configuration list for PBXNativeTarget "OuttaTimeSwift" */;
			buildPhases = (
				121341871CE4FE1100E8C8AB /* Sources */,
				121341881CE4FE1100E8C8AB /* Frameworks */,
				121341891CE4FE1100E8C8AB /* Resources */,
			);
			buildRules = (
			);
			dependencies = (
			);
			name = OuttaTimeSwift;
			productName = OuttaTimeSwift;
			productReference = 1213418B1CE4FE1100E8C8AB /* OuttaTimeSwift.app */;
			productType = "com.apple.product-type.application";
		};
/* End PBXNativeTarget section */

/* Begin PBXProject section */
		121341831CE4FE1100E8C8AB /* Project object */ = {
			isa = PBXProject;
			attributes = {
				LastSwiftUpdateCheck = 0730;
				LastUpgradeCheck = 0730;
				ORGANIZATIONNAME = "Jorge Catalan";
				TargetAttributes = {
					1213418A1CE4FE1100E8C8AB = {
						CreatedOnToolsVersion = 7.3;
						DevelopmentTeam = DFHMFVHWS2;
					};
				};
			};
			buildConfigurationList = 121341861CE4FE1100E8C8AB /* Build configuration list for PBXProject "OuttaTimeSwift" */;
			compatibilityVersion = "Xcode 3.2";
			developmentRegion = English;
			hasScannedForEncodings = 0;
			knownRegions = (
				en,
				Base,
			);
			mainGroup = 121341821CE4FE1100E8C8AB;
			productRefGroup = 1213418C1CE4FE1100E8C8AB /* Products */;
			projectDirPath = "";
			projectRoot = "";
			targets = (
				1213418A1CE4FE1100E8C8AB /* OuttaTimeSwift */,
			);
		};
/* End PBXProject section */

/* Begin PBXResourcesBuildPhase section */
		121341891CE4FE1100E8C8AB /* Resources */ = {
			isa = PBXResourcesBuildPhase;
			buildActionMask = 2147483647;
			files = (
				121341991CE4FE1100E8C8AB /* LaunchScreen.storyboard in Resources */,
				121341961CE4FE1100E8C8AB /* Assets.xcassets in Resources */,
				121341941CE4FE1100E8C8AB /* Main.storyboard in Resources */,
				129F96E81CE7BD32003243EB /* digital-7.ttf in Resources */,
			);
			runOnlyForDeploymentPostprocessing = 0;
		};
/* End PBXResourcesBuildPhase section */

/* Begin PBXSourcesBuildPhase section */
		121341871CE4FE1100E8C8AB /* Sources */ = {
			isa = PBXSourcesBuildPhase;
			buildActionMask = 2147483647;
			files = (
				121341911CE4FE1100E8C8AB /* ViewController.swift in Sources */,
				12D1FEAB1CF2554B0080B654 /* datePickerViewController.swift in Sources */,
				1213418F1CE4FE1100E8C8AB /* AppDelegate.swift in Sources */,
			);
			runOnlyForDeploymentPostprocessing = 0;
		};
/* End PBXSourcesBuildPhase section */

/* Begin PBXVariantGroup section */
		121341921CE4FE1100E8C8AB /* Main.storyboard */ = {
			isa = PBXVariantGroup;
			children = (
				121341931CE4FE1100E8C8AB /* Base */,
			);
			name = Main.storyboard;
			sourceTree = "<group>";
		};
		121341971CE4FE1100E8C8AB /* LaunchScreen.storyboard */ = {
			isa = PBXVariantGroup;
			children = (
				121341981CE4FE1100E8C8AB /* Base */,
			);
			name = LaunchScreen.storyboard;
			sourceTree = "<group>";
		};
/* End PBXVariantGroup section */

/* Begin XCBuildConfiguration section */
		1213419B1CE4FE1100E8C8AB /* Debug */ = {
			isa = XCBuildConfiguration;
			buildSettings = {
				ALWAYS_SEARCH_USER_PATHS = NO;
				CLANG_ANALYZER_NONNULL = YES;
				CLANG_CXX_LANGUAGE_STANDARD = "gnu++0x";
				CLANG_CXX_LIBRARY = "libc++";
				CLANG_ENABLE_MODULES = YES;
				CLANG_ENABLE_OBJC_ARC = YES;
				CLANG_WARN_BOOL_CONVERSION = YES;
				CLANG_WARN_CONSTANT_CONVERSION = YES;
				CLANG_WARN_DIRECT_OBJC_ISA_USAGE = YES_ERROR;
				CLANG_WARN_EMPTY_BODY = YES;
				CLANG_WARN_ENUM_CONVERSION = YES;
				CLANG_WARN_INT_CONVERSION = YES;
				CLANG_WARN_OBJC_ROOT_CLASS = YES_ERROR;
				CLANG_WARN_UNREACHABLE_CODE = YES;
				CLANG_WARN__DUPLICATE_METHOD_MATCH = YES;
				"CODE_SIGN_IDENTITY[sdk=iphoneos*]" = "iPhone Developer";
				COPY_PHASE_STRIP = NO;
				DEBUG_INFORMATION_FORMAT = dwarf;
				ENABLE_STRICT_OBJC_MSGSEND = YES;
				ENABLE_TESTABILITY = YES;
				GCC_C_LANGUAGE_STANDARD = gnu99;
				GCC_DYNAMIC_NO_PIC = NO;
				GCC_NO_COMMON_BLOCKS = YES;
				GCC_OPTIMIZATION_LEVEL = 0;
				GCC_PREPROCESSOR_DEFINITIONS = (
					"DEBUG=1",
					"$(inherited)",
				);
				GCC_WARN_64_TO_32_BIT_CONVERSION = YES;
				GCC_WARN_ABOUT_RETURN_TYPE = YES_ERROR;
				GCC_WARN_UNDECLARED_SELECTOR = YES;
				GCC_WARN_UNINITIALIZED_AUTOS = YES_AGGRESSIVE;
				GCC_WARN_UNUSED_FUNCTION = YES;
				GCC_WARN_UNUSED_VARIABLE = YES;
				IPHONEOS_DEPLOYMENT_TARGET = 9.3;
				MTL_ENABLE_DEBUG_INFO = YES;
				ONLY_ACTIVE_ARCH = YES;
				SDKROOT = iphoneos;
				SWIFT_OPTIMIZATION_LEVEL = "-Onone";
			};
			name = Debug;
		};
		1213419C1CE4FE1100E8C8AB /* Release */ = {
			isa = XCBuildConfiguration;
			buildSettings = {
				ALWAYS_SEARCH_USER_PATHS = NO;
				CLANG_ANALYZER_NONNULL = YES;
				CLANG_CXX_LANGUAGE_STANDARD = "gnu++0x";
				CLANG_CXX_LIBRARY = "libc++";
				CLANG_ENABLE_MODULES = YES;
				CLANG_ENABLE_OBJC_ARC = YES;
				CLANG_WARN_BOOL_CONVERSION = YES;
				CLANG_WARN_CONSTANT_CONVERSION = YES;
				CLANG_WARN_DIRECT_OBJC_ISA_USAGE = YES_ERROR;
				CLANG_WARN_EMPTY_BODY = YES;
				CLANG_WARN_ENUM_CONVERSION = YES;
				CLANG_WARN_INT_CONVERSION = YES;
				CLANG_WARN_OBJC_ROOT_CLASS = YES_ERROR;
				CLANG_WARN_UNREACHABLE_CODE = YES;
				CLANG_WARN__DUPLICATE_METHOD_MATCH = YES;
				"CODE_SIGN_IDENTITY[sdk=iphoneos*]" = "iPhone Developer";
				COPY_PHASE_STRIP = NO;
				DEBUG_INFORMATION_FORMAT = "dwarf-with-dsym";
				ENABLE_NS_ASSERTIONS = NO;
				ENABLE_STRICT_OBJC_MSGSEND = YES;
				GCC_C_LANGUAGE_STANDARD = gnu99;
				GCC_NO_COMMON_BLOCKS = YES;
				GCC_WARN_64_TO_32_BIT_CONVERSION = YES;
				GCC_WARN_ABOUT_RETURN_TYPE = YES_ERROR;
				GCC_WARN_UNDECLARED_SELECTOR = YES;
				GCC_WARN_UNINITIALIZED_AUTOS = YES_AGGRESSIVE;
				GCC_WARN_UNUSED_FUNCTION = YES;
				GCC_WARN_UNUSED_VARIABLE = YES;
				IPHONEOS_DEPLOYMENT_TARGET = 9.3;
				MTL_ENABLE_DEBUG_INFO = NO;
				SDKROOT = iphoneos;
				VALIDATE_PRODUCT = YES;
			};
			name = Release;
		};
		1213419E1CE4FE1100E8C8AB /* Debug */ = {
			isa = XCBuildConfiguration;
			buildSettings = {
				ASSETCATALOG_COMPILER_APPICON_NAME = AppIcon;
				INFOPLIST_FILE = OuttaTimeSwift/Info.plist;
				LD_RUNPATH_SEARCH_PATHS = "$(inherited) @executable_path/Frameworks";
				PRODUCT_BUNDLE_IDENTIFIER = "Jorge-Catalan.OuttaTimeSwift";
				PRODUCT_NAME = "$(TARGET_NAME)";
			};
			name = Debug;
		};
		1213419F1CE4FE1100E8C8AB /* Release */ = {
			isa = XCBuildConfiguration;
			buildSettings = {
				ASSETCATALOG_COMPILER_APPICON_NAME = AppIcon;
				INFOPLIST_FILE = OuttaTimeSwift/Info.plist;
				LD_RUNPATH_SEARCH_PATHS = "$(inherited) @executable_path/Frameworks";
				PRODUCT_BUNDLE_IDENTIFIER = "Jorge-Catalan.OuttaTimeSwift";
				PRODUCT_NAME = "$(TARGET_NAME)";
			};
			name = Release;
		};
/* End XCBuildConfiguration section */

/* Begin XCConfigurationList section */
		121341861CE4FE1100E8C8AB /* Build configuration list for PBXProject "OuttaTimeSwift" */ = {
			isa = XCConfigurationList;
			buildConfigurations = (
				1213419B1CE4FE1100E8C8AB /* Debug */,
				1213419C1CE4FE1100E8C8AB /* Release */,
			);
			defaultConfigurationIsVisible = 0;
			defaultConfigurationName = Release;
		};
		1213419D1CE4FE1100E8C8AB /* Build configuration list for PBXNativeTarget "OuttaTimeSwift" */ = {
			isa = XCConfigurationList;
			buildConfigurations = (
				1213419E1CE4FE1100E8C8AB /* Debug */,
				1213419F1CE4FE1100E8C8AB /* Release */,
			);
			defaultConfigurationIsVisible = 0;
			defaultConfigurationName = Release;
		};
/* End XCConfigurationList section */
	};
	rootObject = 121341831CE4FE1100E8C8AB /* Project object */;
}
